
Microsoft Visual Studio Solution File, Format Version 12.00
# Visual Studio Version 17
VisualStudioVersion = 17.0.31903.59
MinimumVisualStudioVersion = 10.0.40219.1
Project("{2150E333-8FDC-42A3-9474-1A3956D46DE8}") = "src", "src", "{7376509F-A9F3-4042-8354-6A4D078D7C41}"
EndProject
Project("{FAE04EC0-301F-11D3-BF4B-00C04F79EFBC}") = "Oan.AgentiCore", "src\Oan.AgentiCore\Oan.AgentiCore.csproj", "{7E6835F2-7017-4645-8EDB-39907167B2F5}"
EndProject
Project("{FAE04EC0-301F-11D3-BF4B-00C04F79EFBC}") = "Oan.Common", "src\Oan.Common\Oan.Common.csproj", "{9A7F43E2-F682-471A-BDA4-C12CE85C5E59}"
EndProject
Project("{FAE04EC0-301F-11D3-BF4B-00C04F79EFBC}") = "Oan.Cradle", "src\Oan.Cradle\Oan.Cradle.csproj", "{A935E447-F5A3-4374-8BD3-041EFA1049F7}"
EndProject
Project("{FAE04EC0-301F-11D3-BF4B-00C04F79EFBC}") = "Oan.Place", "src\Oan.Place\Oan.Place.csproj", "{68EE18BE-FEFA-4768-8453-4D9C251651CB}"
EndProject
Project("{FAE04EC0-301F-11D3-BF4B-00C04F79EFBC}") = "Oan.Runtime.Headless", "src\Oan.Runtime.Headless\Oan.Runtime.Headless.csproj", "{5B300D15-C359-40B3-8F04-09CD2EED16C0}"
EndProject
Project("{FAE04EC0-301F-11D3-BF4B-00C04F79EFBC}") = "Oan.Sli", "src\Oan.Sli\Oan.Sli.csproj", "{0D6AC7BD-8C00-4AB2-B253-3FAD8AC2C6A2}"
EndProject
Project("{FAE04EC0-301F-11D3-BF4B-00C04F79EFBC}") = "Oan.SoulFrame", "src\Oan.SoulFrame\Oan.SoulFrame.csproj", "{DF4B5109-B9F8-4F2A-B704-F823470B75B2}"
EndProject
Project("{FAE04EC0-301F-11D3-BF4B-00C04F79EFBC}") = "Oan.Spinal", "src\Oan.Spinal\Oan.Spinal.csproj", "{43B47342-8097-47CC-BFE1-6AB718FC54C3}"
EndProject
Project("{FAE04EC0-301F-11D3-BF4B-00C04F79EFBC}") = "Oan.Storage", "src\Oan.Storage\Oan.Storage.csproj", "{A45635E0-EA33-4E31-B105-2126C244DDAB}"
EndProject
Project("{2150E333-8FDC-42A3-9474-1A3956D46DE8}") = "tests", "tests", "{A172F056-5C78-477B-A942-314330C0F3EE}"
EndProject
Project("{FAE04EC0-301F-11D3-BF4B-00C04F79EFBC}") = "Oan.Runtime.IntegrationTests", "tests\Oan.Runtime.IntegrationTests\Oan.Runtime.IntegrationTests.csproj", "{0ED30FD9-7172-4777-95AA-5F9EE6DB9D34}"
EndProject
Project("{FAE04EC0-301F-11D3-BF4B-00C04F79EFBC}") = "Oan.Sli.Tests", "tests\Oan.Sli.Tests\Oan.Sli.Tests.csproj", "{4B92D3AC-826F-49B8-9320-40F9CAC06FE2}"
EndProject
Project("{FAE04EC0-301F-11D3-BF4B-00C04F79EFBC}") = "Oan.Spinal.Tests", "tests\Oan.Spinal.Tests\Oan.Spinal.Tests.csproj", "{2D565674-6AF8-45A1-ABD2-401504F8283E}"
EndProject
Project("{FAE04EC0-301F-11D3-BF4B-00C04F79EFBC}") = "Oan.Audit.Tests", "tests\Oan.Audit.Tests\Oan.Audit.Tests.csproj", "{C9F88ADB-AE99-4A20-8F8F-B17149DE0B2C}"
EndProject
Project("{FAE04EC0-301F-11D3-BF4B-00C04F79EFBC}") = "OAN.Core", "src\OAN.Core\OAN.Core.csproj", "{D2F0C6B8-47C8-4B25-9CFB-866BC027B6D5}"
EndProject
Project("{FAE04EC0-301F-11D3-BF4B-00C04F79EFBC}") = "CradleTek.Host", "src\CradleTek.Host\CradleTek.Host.csproj", "{02ABD2FA-FF8B-4F78-AFEF-0C88C9FBD24B}"
EndProject
Project("{FAE04EC0-301F-11D3-BF4B-00C04F79EFBC}") = "SoulFrame.Identity", "src\SoulFrame.Identity\SoulFrame.Identity.csproj", "{2CA2AA1E-3C17-41AF-B880-5F2F5D84C3B9}"
EndProject
Project("{FAE04EC0-301F-11D3-BF4B-00C04F79EFBC}") = "AgentiCore.Runtime", "src\AgentiCore.Runtime\AgentiCore.Runtime.csproj", "{A9A3D8D5-4468-4F71-9873-962EE905246D}"
EndProject
Project("{FAE04EC0-301F-11D3-BF4B-00C04F79EFBC}") = "SLI.Engine", "src\SLI.Engine\SLI.Engine.csproj", "{2F9A467F-5029-4950-AF24-E5AF2CC74A4D}"
EndProject
Project("{FAE04EC0-301F-11D3-BF4B-00C04F79EFBC}") = "Telemetry.GEL", "src\Telemetry.GEL\Telemetry.GEL.csproj", "{A2135558-30C1-4081-8CFB-26FD11EDA052}"
EndProject
Project("{FAE04EC0-301F-11D3-BF4B-00C04F79EFBC}") = "Data.Cryptic", "src\Data.Cryptic\Data.Cryptic.csproj", "{8CA6CE85-F5AC-4B28-9D2C-4A2A0199E880}"
EndProject
Project("{FAE04EC0-301F-11D3-BF4B-00C04F79EFBC}") = "CradleTek.Mantle", "src\CradleTek.Mantle\CradleTek.Mantle.csproj", "{DCABF64B-A247-424A-ADE7-627432A9F754}"
EndProject
Project("{FAE04EC0-301F-11D3-BF4B-00C04F79EFBC}") = "CradleTek.Cryptic", "src\CradleTek.Cryptic\CradleTek.Cryptic.csproj", "{83AA68E6-FDF4-4CE0-86EA-309838453DC3}"
EndProject
Project("{FAE04EC0-301F-11D3-BF4B-00C04F79EFBC}") = "CradleTek.Public", "src\CradleTek.Public\CradleTek.Public.csproj", "{3FCE4643-947D-4779-8C9C-EEB7BACB5BED}"
EndProject
Project("{FAE04EC0-301F-11D3-BF4B-00C04F79EFBC}") = "CradleTek.Runtime", "src\CradleTek.Runtime\CradleTek.Runtime.csproj", "{82ED81EA-9FBA-44D8-972A-00159EE53C98}"
EndProject
Project("{FAE04EC0-301F-11D3-BF4B-00C04F79EFBC}") = "AgentiCore", "src\AgentiCore\AgentiCore.csproj", "{BAB84EF5-A14B-4173-A6A0-0FD98771881E}"
EndProject
Project("{FAE04EC0-301F-11D3-BF4B-00C04F79EFBC}") = "EngramGovernance", "src\EngramGovernance\EngramGovernance.csproj", "{0FB459E2-898B-401B-BE29-5456972194EA}"
EndProject
Project("{FAE04EC0-301F-11D3-BF4B-00C04F79EFBC}") = "CradleTek.CognitionHost", "src\CradleTek.CognitionHost\CradleTek.CognitionHost.csproj", "{2057939E-9BEB-43B6-BA6D-8C06F47DEC19}"
EndProject
Project("{FAE04EC0-301F-11D3-BF4B-00C04F79EFBC}") = "CradleTek.Memory", "src\CradleTek.Memory\CradleTek.Memory.csproj", "{768DC960-6C7E-445C-A864-FD7406FE928C}"
EndProject
Project("{FAE04EC0-301F-11D3-BF4B-00C04F79EFBC}") = "SLI.Lisp", "src\SLI.Lisp\SLI.Lisp.csproj", "{669E7865-7904-4127-A893-53B3EBC0C0AF}"
EndProject
Project("{FAE04EC0-301F-11D3-BF4B-00C04F79EFBC}") = "GEL", "src\GEL\GEL.csproj", "{6DB88BBD-AD37-4D72-BADE-54C0AED6311F}"
EndProject
Project("{FAE04EC0-301F-11D3-BF4B-00C04F79EFBC}") = "SLI.Ingestion", "src\SLI.Ingestion\SLI.Ingestion.csproj", "{F50F9A6B-23F1-4361-87EF-061CC533A089}"
EndProject
Project("{FAE04EC0-301F-11D3-BF4B-00C04F79EFBC}") = "SoulFrame.Host", "src\SoulFrame.Host\SoulFrame.Host.csproj", "{05D5CABA-3C16-4A82-9B5C-3F7559914703}"
EndProject
Project("{FAE04EC0-301F-11D3-BF4B-00C04F79EFBC}") = "Oan.SoulFrame.Tests", "tests\Oan.SoulFrame.Tests\Oan.SoulFrame.Tests.csproj", "{1D14AD0F-FC38-4A58-84D5-3DEEA9D6B9A2}"
EndProject
Project("{FAE04EC0-301F-11D3-BF4B-00C04F79EFBC}") = "GEL.Contracts", "src\GEL.Contracts\GEL.Contracts.csproj", "{B91C016B-4CF6-4310-9034-F90886B5510F}"
EndProject
Global
	GlobalSection(SolutionConfigurationPlatforms) = preSolution
		Debug|Any CPU = Debug|Any CPU
		Release|Any CPU = Release|Any CPU
	EndGlobalSection
	GlobalSection(SolutionProperties) = preSolution
		HideSolutionNode = FALSE
	EndGlobalSection
	GlobalSection(ProjectConfigurationPlatforms) = postSolution
		{7E6835F2-7017-4645-8EDB-39907167B2F5}.Debug|Any CPU.ActiveCfg = Debug|Any CPU
		{7E6835F2-7017-4645-8EDB-39907167B2F5}.Debug|Any CPU.Build.0 = Debug|Any CPU
		{7E6835F2-7017-4645-8EDB-39907167B2F5}.Release|Any CPU.ActiveCfg = Release|Any CPU
		{7E6835F2-7017-4645-8EDB-39907167B2F5}.Release|Any CPU.Build.0 = Release|Any CPU
		{9A7F43E2-F682-471A-BDA4-C12CE85C5E59}.Debug|Any CPU.ActiveCfg = Debug|Any CPU
		{9A7F43E2-F682-471A-BDA4-C12CE85C5E59}.Debug|Any CPU.Build.0 = Debug|Any CPU
		{9A7F43E2-F682-471A-BDA4-C12CE85C5E59}.Release|Any CPU.ActiveCfg = Release|Any CPU
		{9A7F43E2-F682-471A-BDA4-C12CE85C5E59}.Release|Any CPU.Build.0 = Release|Any CPU
		{A935E447-F5A3-4374-8BD3-041EFA1049F7}.Debug|Any CPU.ActiveCfg = Debug|Any CPU
		{A935E447-F5A3-4374-8BD3-041EFA1049F7}.Debug|Any CPU.Build.0 = Debug|Any CPU
		{A935E447-F5A3-4374-8BD3-041EFA1049F7}.Release|Any CPU.ActiveCfg = Release|Any CPU
		{A935E447-F5A3-4374-8BD3-041EFA1049F7}.Release|Any CPU.Build.0 = Release|Any CPU
		{68EE18BE-FEFA-4768-8453-4D9C251651CB}.Debug|Any CPU.ActiveCfg = Debug|Any CPU
		{68EE18BE-FEFA-4768-8453-4D9C251651CB}.Debug|Any CPU.Build.0 = Debug|Any CPU
		{68EE18BE-FEFA-4768-8453-4D9C251651CB}.Release|Any CPU.ActiveCfg = Release|Any CPU
		{68EE18BE-FEFA-4768-8453-4D9C251651CB}.Release|Any CPU.Build.0 = Release|Any CPU
		{5B300D15-C359-40B3-8F04-09CD2EED16C0}.Debug|Any CPU.ActiveCfg = Debug|Any CPU
		{5B300D15-C359-40B3-8F04-09CD2EED16C0}.Debug|Any CPU.Build.0 = Debug|Any CPU
		{5B300D15-C359-40B3-8F04-09CD2EED16C0}.Release|Any CPU.ActiveCfg = Release|Any CPU
		{5B300D15-C359-40B3-8F04-09CD2EED16C0}.Release|Any CPU.Build.0 = Release|Any CPU
		{0D6AC7BD-8C00-4AB2-B253-3FAD8AC2C6A2}.Debug|Any CPU.ActiveCfg = Debug|Any CPU
		{0D6AC7BD-8C00-4AB2-B253-3FAD8AC2C6A2}.Debug|Any CPU.Build.0 = Debug|Any CPU
		{0D6AC7BD-8C00-4AB2-B253-3FAD8AC2C6A2}.Release|Any CPU.ActiveCfg = Release|Any CPU
		{0D6AC7BD-8C00-4AB2-B253-3FAD8AC2C6A2}.Release|Any CPU.Build.0 = Release|Any CPU
		{DF4B5109-B9F8-4F2A-B704-F823470B75B2}.Debug|Any CPU.ActiveCfg = Debug|Any CPU
		{DF4B5109-B9F8-4F2A-B704-F823470B75B2}.Debug|Any CPU.Build.0 = Debug|Any CPU
		{DF4B5109-B9F8-4F2A-B704-F823470B75B2}.Release|Any CPU.ActiveCfg = Release|Any CPU
		{DF4B5109-B9F8-4F2A-B704-F823470B75B2}.Release|Any CPU.Build.0 = Release|Any CPU
		{43B47342-8097-47CC-BFE1-6AB718FC54C3}.Debug|Any CPU.ActiveCfg = Debug|Any CPU
		{43B47342-8097-47CC-BFE1-6AB718FC54C3}.Debug|Any CPU.Build.0 = Debug|Any CPU
		{43B47342-8097-47CC-BFE1-6AB718FC54C3}.Release|Any CPU.ActiveCfg = Release|Any CPU
		{43B47342-8097-47CC-BFE1-6AB718FC54C3}.Release|Any CPU.Build.0 = Release|Any CPU
		{A45635E0-EA33-4E31-B105-2126C244DDAB}.Debug|Any CPU.ActiveCfg = Debug|Any CPU
		{A45635E0-EA33-4E31-B105-2126C244DDAB}.Debug|Any CPU.Build.0 = Debug|Any CPU
		{A45635E0-EA33-4E31-B105-2126C244DDAB}.Release|Any CPU.ActiveCfg = Release|Any CPU
		{A45635E0-EA33-4E31-B105-2126C244DDAB}.Release|Any CPU.Build.0 = Release|Any CPU
		{0ED30FD9-7172-4777-95AA-5F9EE6DB9D34}.Debug|Any CPU.ActiveCfg = Debug|Any CPU
		{0ED30FD9-7172-4777-95AA-5F9EE6DB9D34}.Debug|Any CPU.Build.0 = Debug|Any CPU
		{0ED30FD9-7172-4777-95AA-5F9EE6DB9D34}.Release|Any CPU.ActiveCfg = Release|Any CPU
		{0ED30FD9-7172-4777-95AA-5F9EE6DB9D34}.Release|Any CPU.Build.0 = Release|Any CPU
		{4B92D3AC-826F-49B8-9320-40F9CAC06FE2}.Debug|Any CPU.ActiveCfg = Debug|Any CPU
		{4B92D3AC-826F-49B8-9320-40F9CAC06FE2}.Debug|Any CPU.Build.0 = Debug|Any CPU
		{4B92D3AC-826F-49B8-9320-40F9CAC06FE2}.Release|Any CPU.ActiveCfg = Release|Any CPU
		{4B92D3AC-826F-49B8-9320-40F9CAC06FE2}.Release|Any CPU.Build.0 = Release|Any CPU
		{2D565674-6AF8-45A1-ABD2-401504F8283E}.Debug|Any CPU.ActiveCfg = Debug|Any CPU
		{2D565674-6AF8-45A1-ABD2-401504F8283E}.Debug|Any CPU.Build.0 = Debug|Any CPU
		{2D565674-6AF8-45A1-ABD2-401504F8283E}.Release|Any CPU.ActiveCfg = Release|Any CPU
		{2D565674-6AF8-45A1-ABD2-401504F8283E}.Release|Any CPU.Build.0 = Release|Any CPU
		{C9F88ADB-AE99-4A20-8F8F-B17149DE0B2C}.Debug|Any CPU.ActiveCfg = Debug|Any CPU
		{C9F88ADB-AE99-4A20-8F8F-B17149DE0B2C}.Debug|Any CPU.Build.0 = Debug|Any CPU
		{C9F88ADB-AE99-4A20-8F8F-B17149DE0B2C}.Release|Any CPU.ActiveCfg = Release|Any CPU
		{C9F88ADB-AE99-4A20-8F8F-B17149DE0B2C}.Release|Any CPU.Build.0 = Release|Any CPU
		{D2F0C6B8-47C8-4B25-9CFB-866BC027B6D5}.Debug|Any CPU.ActiveCfg = Debug|Any CPU
		{D2F0C6B8-47C8-4B25-9CFB-866BC027B6D5}.Debug|Any CPU.Build.0 = Debug|Any CPU
		{D2F0C6B8-47C8-4B25-9CFB-866BC027B6D5}.Release|Any CPU.ActiveCfg = Release|Any CPU
		{D2F0C6B8-47C8-4B25-9CFB-866BC027B6D5}.Release|Any CPU.Build.0 = Release|Any CPU
		{02ABD2FA-FF8B-4F78-AFEF-0C88C9FBD24B}.Debug|Any CPU.ActiveCfg = Debug|Any CPU
		{02ABD2FA-FF8B-4F78-AFEF-0C88C9FBD24B}.Debug|Any CPU.Build.0 = Debug|Any CPU
		{02ABD2FA-FF8B-4F78-AFEF-0C88C9FBD24B}.Release|Any CPU.ActiveCfg = Release|Any CPU
		{02ABD2FA-FF8B-4F78-AFEF-0C88C9FBD24B}.Release|Any CPU.Build.0 = Release|Any CPU
		{2CA2AA1E-3C17-41AF-B880-5F2F5D84C3B9}.Debug|Any CPU.ActiveCfg = Debug|Any CPU
		{2CA2AA1E-3C17-41AF-B880-5F2F5D84C3B9}.Debug|Any CPU.Build.0 = Debug|Any CPU
		{2CA2AA1E-3C17-41AF-B880-5F2F5D84C3B9}.Release|Any CPU.ActiveCfg = Release|Any CPU
		{2CA2AA1E-3C17-41AF-B880-5F2F5D84C3B9}.Release|Any CPU.Build.0 = Release|Any CPU
		{A9A3D8D5-4468-4F71-9873-962EE905246D}.Debug|Any CPU.ActiveCfg = Debug|Any CPU
		{A9A3D8D5-4468-4F71-9873-962EE905246D}.Debug|Any CPU.Build.0 = Debug|Any CPU
		{A9A3D8D5-4468-4F71-9873-962EE905246D}.Release|Any CPU.ActiveCfg = Release|Any CPU
		{A9A3D8D5-4468-4F71-9873-962EE905246D}.Release|Any CPU.Build.0 = Release|Any CPU
		{2F9A467F-5029-4950-AF24-E5AF2CC74A4D}.Debug|Any CPU.ActiveCfg = Debug|Any CPU
		{2F9A467F-5029-4950-AF24-E5AF2CC74A4D}.Debug|Any CPU.Build.0 = Debug|Any CPU
		{2F9A467F-5029-4950-AF24-E5AF2CC74A4D}.Release|Any CPU.ActiveCfg = Release|Any CPU
		{2F9A467F-5029-4950-AF24-E5AF2CC74A4D}.Release|Any CPU.Build.0 = Release|Any CPU
		{A2135558-30C1-4081-8CFB-26FD11EDA052}.Debug|Any CPU.ActiveCfg = Debug|Any CPU
		{A2135558-30C1-4081-8CFB-26FD11EDA052}.Debug|Any CPU.Build.0 = Debug|Any CPU
		{A2135558-30C1-4081-8CFB-26FD11EDA052}.Release|Any CPU.ActiveCfg = Release|Any CPU
		{A2135558-30C1-4081-8CFB-26FD11EDA052}.Release|Any CPU.Build.0 = Release|Any CPU
		{8CA6CE85-F5AC-4B28-9D2C-4A2A0199E880}.Debug|Any CPU.ActiveCfg = Debug|Any CPU
		{8CA6CE85-F5AC-4B28-9D2C-4A2A0199E880}.Debug|Any CPU.Build.0 = Debug|Any CPU
		{8CA6CE85-F5AC-4B28-9D2C-4A2A0199E880}.Release|Any CPU.ActiveCfg = Release|Any CPU
		{8CA6CE85-F5AC-4B28-9D2C-4A2A0199E880}.Release|Any CPU.Build.0 = Release|Any CPU
		{DCABF64B-A247-424A-ADE7-627432A9F754}.Debug|Any CPU.ActiveCfg = Debug|Any CPU
		{DCABF64B-A247-424A-ADE7-627432A9F754}.Debug|Any CPU.Build.0 = Debug|Any CPU
		{DCABF64B-A247-424A-ADE7-627432A9F754}.Release|Any CPU.ActiveCfg = Release|Any CPU
		{DCABF64B-A247-424A-ADE7-627432A9F754}.Release|Any CPU.Build.0 = Release|Any CPU
		{83AA68E6-FDF4-4CE0-86EA-309838453DC3}.Debug|Any CPU.ActiveCfg = Debug|Any CPU
		{83AA68E6-FDF4-4CE0-86EA-309838453DC3}.Debug|Any CPU.Build.0 = Debug|Any CPU
		{83AA68E6-FDF4-4CE0-86EA-309838453DC3}.Release|Any CPU.ActiveCfg = Release|Any CPU
		{83AA68E6-FDF4-4CE0-86EA-309838453DC3}.Release|Any CPU.Build.0 = Release|Any CPU
		{3FCE4643-947D-4779-8C9C-EEB7BACB5BED}.Debug|Any CPU.ActiveCfg = Debug|Any CPU
		{3FCE4643-947D-4779-8C9C-EEB7BACB5BED}.Debug|Any CPU.Build.0 = Debug|Any CPU
		{3FCE4643-947D-4779-8C9C-EEB7BACB5BED}.Release|Any CPU.ActiveCfg = Release|Any CPU
		{3FCE4643-947D-4779-8C9C-EEB7BACB5BED}.Release|Any CPU.Build.0 = Release|Any CPU
		{82ED81EA-9FBA-44D8-972A-00159EE53C98}.Debug|Any CPU.ActiveCfg = Debug|Any CPU
		{82ED81EA-9FBA-44D8-972A-00159EE53C98}.Debug|Any CPU.Build.0 = Debug|Any CPU
		{82ED81EA-9FBA-44D8-972A-00159EE53C98}.Release|Any CPU.ActiveCfg = Release|Any CPU
		{82ED81EA-9FBA-44D8-972A-00159EE53C98}.Release|Any CPU.Build.0 = Release|Any CPU
		{BAB84EF5-A14B-4173-A6A0-0FD98771881E}.Debug|Any CPU.ActiveCfg = Debug|Any CPU
		{BAB84EF5-A14B-4173-A6A0-0FD98771881E}.Debug|Any CPU.Build.0 = Debug|Any CPU
		{BAB84EF5-A14B-4173-A6A0-0FD98771881E}.Release|Any CPU.ActiveCfg = Release|Any CPU
		{BAB84EF5-A14B-4173-A6A0-0FD98771881E}.Release|Any CPU.Build.0 = Release|Any CPU
		{0FB459E2-898B-401B-BE29-5456972194EA}.Debug|Any CPU.ActiveCfg = Debug|Any CPU
		{0FB459E2-898B-401B-BE29-5456972194EA}.Debug|Any CPU.Build.0 = Debug|Any CPU
		{0FB459E2-898B-401B-BE29-5456972194EA}.Release|Any CPU.ActiveCfg = Release|Any CPU
		{0FB459E2-898B-401B-BE29-5456972194EA}.Release|Any CPU.Build.0 = Release|Any CPU
		{2057939E-9BEB-43B6-BA6D-8C06F47DEC19}.Debug|Any CPU.ActiveCfg = Debug|Any CPU
		{2057939E-9BEB-43B6-BA6D-8C06F47DEC19}.Debug|Any CPU.Build.0 = Debug|Any CPU
		{2057939E-9BEB-43B6-BA6D-8C06F47DEC19}.Release|Any CPU.ActiveCfg = Release|Any CPU
		{2057939E-9BEB-43B6-BA6D-8C06F47DEC19}.Release|Any CPU.Build.0 = Release|Any CPU
		{768DC960-6C7E-445C-A864-FD7406FE928C}.Debug|Any CPU.ActiveCfg = Debug|Any CPU
		{768DC960-6C7E-445C-A864-FD7406FE928C}.Debug|Any CPU.Build.0 = Debug|Any CPU
		{768DC960-6C7E-445C-A864-FD7406FE928C}.Release|Any CPU.ActiveCfg = Release|Any CPU
		{768DC960-6C7E-445C-A864-FD7406FE928C}.Release|Any CPU.Build.0 = Release|Any CPU
		{669E7865-7904-4127-A893-53B3EBC0C0AF}.Debug|Any CPU.ActiveCfg = Debug|Any CPU
		{669E7865-7904-4127-A893-53B3EBC0C0AF}.Debug|Any CPU.Build.0 = Debug|Any CPU
		{669E7865-7904-4127-A893-53B3EBC0C0AF}.Release|Any CPU.ActiveCfg = Release|Any CPU
		{669E7865-7904-4127-A893-53B3EBC0C0AF}.Release|Any CPU.Build.0 = Release|Any CPU
		{6DB88BBD-AD37-4D72-BADE-54C0AED6311F}.Debug|Any CPU.ActiveCfg = Debug|Any CPU
		{6DB88BBD-AD37-4D72-BADE-54C0AED6311F}.Debug|Any CPU.Build.0 = Debug|Any CPU
		{6DB88BBD-AD37-4D72-BADE-54C0AED6311F}.Release|Any CPU.ActiveCfg = Release|Any CPU
		{6DB88BBD-AD37-4D72-BADE-54C0AED6311F}.Release|Any CPU.Build.0 = Release|Any CPU
		{F50F9A6B-23F1-4361-87EF-061CC533A089}.Debug|Any CPU.ActiveCfg = Debug|Any CPU
		{F50F9A6B-23F1-4361-87EF-061CC533A089}.Debug|Any CPU.Build.0 = Debug|Any CPU
		{F50F9A6B-23F1-4361-87EF-061CC533A089}.Release|Any CPU.ActiveCfg = Release|Any CPU
		{F50F9A6B-23F1-4361-87EF-061CC533A089}.Release|Any CPU.Build.0 = Release|Any CPU
		{05D5CABA-3C16-4A82-9B5C-3F7559914703}.Debug|Any CPU.ActiveCfg = Debug|Any CPU
		{05D5CABA-3C16-4A82-9B5C-3F7559914703}.Debug|Any CPU.Build.0 = Debug|Any CPU
		{05D5CABA-3C16-4A82-9B5C-3F7559914703}.Release|Any CPU.ActiveCfg = Release|Any CPU
		{05D5CABA-3C16-4A82-9B5C-3F7559914703}.Release|Any CPU.Build.0 = Release|Any CPU
		{1D14AD0F-FC38-4A58-84D5-3DEEA9D6B9A2}.Debug|Any CPU.ActiveCfg = Debug|Any CPU
		{1D14AD0F-FC38-4A58-84D5-3DEEA9D6B9A2}.Debug|Any CPU.Build.0 = Debug|Any CPU
		{1D14AD0F-FC38-4A58-84D5-3DEEA9D6B9A2}.Release|Any CPU.ActiveCfg = Release|Any CPU
		{1D14AD0F-FC38-4A58-84D5-3DEEA9D6B9A2}.Release|Any CPU.Build.0 = Release|Any CPU
		{B91C016B-4CF6-4310-9034-F90886B5510F}.Debug|Any CPU.ActiveCfg = Debug|Any CPU
		{B91C016B-4CF6-4310-9034-F90886B5510F}.Debug|Any CPU.Build.0 = Debug|Any CPU
		{B91C016B-4CF6-4310-9034-F90886B5510F}.Release|Any CPU.ActiveCfg = Release|Any CPU
		{B91C016B-4CF6-4310-9034-F90886B5510F}.Release|Any CPU.Build.0 = Release|Any CPU
	EndGlobalSection
	GlobalSection(NestedProjects) = preSolution
		{7E6835F2-7017-4645-8EDB-39907167B2F5} = {7376509F-A9F3-4042-8354-6A4D078D7C41}
		{9A7F43E2-F682-471A-BDA4-C12CE85C5E59} = {7376509F-A9F3-4042-8354-6A4D078D7C41}
		{A935E447-F5A3-4374-8BD3-041EFA1049F7} = {7376509F-A9F3-4042-8354-6A4D078D7C41}
		{68EE18BE-FEFA-4768-8453-4D9C251651CB} = {7376509F-A9F3-4042-8354-6A4D078D7C41}
		{5B300D15-C359-40B3-8F04-09CD2EED16C0} = {7376509F-A9F3-4042-8354-6A4D078D7C41}
		{0D6AC7BD-8C00-4AB2-B253-3FAD8AC2C6A2} = {7376509F-A9F3-4042-8354-6A4D078D7C41}
		{DF4B5109-B9F8-4F2A-B704-F823470B75B2} = {7376509F-A9F3-4042-8354-6A4D078D7C41}
		{43B47342-8097-47CC-BFE1-6AB718FC54C3} = {7376509F-A9F3-4042-8354-6A4D078D7C41}
		{A45635E0-EA33-4E31-B105-2126C244DDAB} = {7376509F-A9F3-4042-8354-6A4D078D7C41}
		{0ED30FD9-7172-4777-95AA-5F9EE6DB9D34} = {A172F056-5C78-477B-A942-314330C0F3EE}
		{4B92D3AC-826F-49B8-9320-40F9CAC06FE2} = {A172F056-5C78-477B-A942-314330C0F3EE}
		{2D565674-6AF8-45A1-ABD2-401504F8283E} = {A172F056-5C78-477B-A942-314330C0F3EE}
		{C9F88ADB-AE99-4A20-8F8F-B17149DE0B2C} = {A172F056-5C78-477B-A942-314330C0F3EE}
		{D2F0C6B8-47C8-4B25-9CFB-866BC027B6D5} = {7376509F-A9F3-4042-8354-6A4D078D7C41}
		{02ABD2FA-FF8B-4F78-AFEF-0C88C9FBD24B} = {7376509F-A9F3-4042-8354-6A4D078D7C41}
		{2CA2AA1E-3C17-41AF-B880-5F2F5D84C3B9} = {7376509F-A9F3-4042-8354-6A4D078D7C41}
		{A9A3D8D5-4468-4F71-9873-962EE905246D} = {7376509F-A9F3-4042-8354-6A4D078D7C41}
		{2F9A467F-5029-4950-AF24-E5AF2CC74A4D} = {7376509F-A9F3-4042-8354-6A4D078D7C41}
		{A2135558-30C1-4081-8CFB-26FD11EDA052} = {7376509F-A9F3-4042-8354-6A4D078D7C41}
		{8CA6CE85-F5AC-4B28-9D2C-4A2A0199E880} = {7376509F-A9F3-4042-8354-6A4D078D7C41}
		{DCABF64B-A247-424A-ADE7-627432A9F754} = {7376509F-A9F3-4042-8354-6A4D078D7C41}
		{83AA68E6-FDF4-4CE0-86EA-309838453DC3} = {7376509F-A9F3-4042-8354-6A4D078D7C41}
		{3FCE4643-947D-4779-8C9C-EEB7BACB5BED} = {7376509F-A9F3-4042-8354-6A4D078D7C41}
		{82ED81EA-9FBA-44D8-972A-00159EE53C98} = {7376509F-A9F3-4042-8354-6A4D078D7C41}
		{BAB84EF5-A14B-4173-A6A0-0FD98771881E} = {7376509F-A9F3-4042-8354-6A4D078D7C41}
		{0FB459E2-898B-401B-BE29-5456972194EA} = {7376509F-A9F3-4042-8354-6A4D078D7C41}
		{2057939E-9BEB-43B6-BA6D-8C06F47DEC19} = {7376509F-A9F3-4042-8354-6A4D078D7C41}
		{768DC960-6C7E-445C-A864-FD7406FE928C} = {7376509F-A9F3-4042-8354-6A4D078D7C41}
		{669E7865-7904-4127-A893-53B3EBC0C0AF} = {7376509F-A9F3-4042-8354-6A4D078D7C41}
		{6DB88BBD-AD37-4D72-BADE-54C0AED6311F} = {7376509F-A9F3-4042-8354-6A4D078D7C41}
		{F50F9A6B-23F1-4361-87EF-061CC533A089} = {7376509F-A9F3-4042-8354-6A4D078D7C41}
		{05D5CABA-3C16-4A82-9B5C-3F7559914703} = {7376509F-A9F3-4042-8354-6A4D078D7C41}
		{1D14AD0F-FC38-4A58-84D5-3DEEA9D6B9A2} = {A172F056-5C78-477B-A942-314330C0F3EE}
		{B91C016B-4CF6-4310-9034-F90886B5510F} = {7376509F-A9F3-4042-8354-6A4D078D7C41}
	EndGlobalSection
EndGlobal
