
Microsoft Visual Studio Solution File, Format Version 12.00
# Visual Studio Version 17
VisualStudioVersion = 17.0.31903.59
MinimumVisualStudioVersion = 10.0.40219.1
Project("{2150E333-8FDC-42A3-9474-1A3956D46DE8}") = "src", "src", "{690CBEA5-AB5E-407E-9D34-8453B2C10D8B}"
EndProject
Project("{2150E333-8FDC-42A3-9474-1A3956D46DE8}") = "Sanctuary", "Sanctuary", "{87A0BA2C-E91B-412F-8A1C-AE0B88124EA3}"
EndProject
Project("{FAE04EC0-301F-11D3-BF4B-00C04F79EFBC}") = "San.Common", "src\Sanctuary\San.Common\San.Common\San.Common.csproj", "{7560098D-1C89-4DC5-880A-0BEFF09FF387}"
EndProject
Project("{FAE04EC0-301F-11D3-BF4B-00C04F79EFBC}") = "San.Nexus.Control", "src\Sanctuary\San.Nexus.Control\San.Nexus.Control\San.Nexus.Control.csproj", "{0F6D4D17-6877-4A6E-8074-FA609DBCDAA5}"
EndProject
Project("{FAE04EC0-301F-11D3-BF4B-00C04F79EFBC}") = "San.PrimeCryptic.Services", "src\Sanctuary\San.PrimeCryptic.Services\San.PrimeCryptic.Services\San.PrimeCryptic.Services.csproj", "{509840B8-188A-4AB2-8962-4C2E056A85BA}"
EndProject
Project("{FAE04EC0-301F-11D3-BF4B-00C04F79EFBC}") = "San.Runtime.Headless", "src\Sanctuary\San.Runtime.Headless\San.Runtime.Headless\San.Runtime.Headless.csproj", "{69D34E04-1691-4315-B9F7-B8958B35F9B5}"
EndProject
Project("{FAE04EC0-301F-11D3-BF4B-00C04F79EFBC}") = "San.Runtime.Materialization", "src\Sanctuary\San.Runtime.Materialization\San.Runtime.Materialization\San.Runtime.Materialization.csproj", "{444CCFD5-F301-483D-AC22-10E64D9E4181}"
EndProject
Project("{FAE04EC0-301F-11D3-BF4B-00C04F79EFBC}") = "San.State.Modulation", "src\Sanctuary\San.State.Modulation\San.State.Modulation\San.State.Modulation.csproj", "{E2EBC513-B37D-41CF-AC5D-D3D5CF2D80F2}"
EndProject
Project("{2150E333-8FDC-42A3-9474-1A3956D46DE8}") = "SLI", "SLI", "{B4096FE5-F4E9-487A-B9A2-06F6DCE219DF}"
EndProject
Project("{FAE04EC0-301F-11D3-BF4B-00C04F79EFBC}") = "SLI.Engine", "src\Sanctuary\SLI.Engine\SLI.Engine\SLI.Engine.csproj", "{71A6800E-49B0-4404-90B6-558C94B9CF31}"
EndProject
Project("{FAE04EC0-301F-11D3-BF4B-00C04F79EFBC}") = "SLI.Ingestion", "src\Sanctuary\SLI.Ingestion\SLI.Ingestion\SLI.Ingestion.csproj", "{5666B42F-6732-426E-A3BA-F51521FB56A4}"
EndProject
Project("{2150E333-8FDC-42A3-9474-1A3956D46DE8}") = "TechStack", "TechStack", "{A114DD52-537E-4A47-BD78-29BB640B2E7A}"
EndProject
Project("{2150E333-8FDC-42A3-9474-1A3956D46DE8}") = "GEL", "GEL", "{C62A2DBE-5D0D-42E8-963A-5F39FFD1FCC9}"
EndProject
Project("{FAE04EC0-301F-11D3-BF4B-00C04F79EFBC}") = "GEL.Contracts", "src\TechStack\GEL\GEL.Contracts\GEL.Contracts.csproj", "{B6CA2AFA-F061-4B53-865B-9EC13ABC190E}"
EndProject
Project("{2150E333-8FDC-42A3-9474-1A3956D46DE8}") = "CradleTek", "CradleTek", "{A4B00670-699D-4419-9914-8AD22D2CCCAF}"
EndProject
Project("{FAE04EC0-301F-11D3-BF4B-00C04F79EFBC}") = "CradleTek.Custody", "src\TechStack\CradleTek\CradleTek.Custody\CradleTek.Custody\CradleTek.Custody.csproj", "{C0B9F18D-CA37-4DBB-A828-8986CEE6F656}"
EndProject
Project("{FAE04EC0-301F-11D3-BF4B-00C04F79EFBC}") = "CradleTek.Host", "src\TechStack\CradleTek\CradleTek.Host\CradleTek.Host\CradleTek.Host.csproj", "{C762C9BB-E0AE-4891-91F5-DD75A5942236}"
EndProject
Project("{FAE04EC0-301F-11D3-BF4B-00C04F79EFBC}") = "CradleTek.Runtime", "src\TechStack\CradleTek\CradleTek.Runtime\CradleTek.Runtime\CradleTek.Runtime.csproj", "{51B02D8D-414A-4CDC-9C2D-405E54F71DD4}"
EndProject
Project("{2150E333-8FDC-42A3-9474-1A3956D46DE8}") = "SoulFrame", "SoulFrame", "{307DD6A4-FA00-40BC-BE6A-ACDE7C76BBF6}"
EndProject
Project("{FAE04EC0-301F-11D3-BF4B-00C04F79EFBC}") = "SoulFrame.Bootstrap", "src\TechStack\SoulFrame\SoulFrame.Bootstrap\SoulFrame.Bootstrap\SoulFrame.Bootstrap.csproj", "{641A7739-B02E-4193-A72D-0D08D9F1F897}"
EndProject
Project("{FAE04EC0-301F-11D3-BF4B-00C04F79EFBC}") = "SoulFrame.Membrane", "src\TechStack\SoulFrame\SoulFrame.Membrane\SoulFrame.Membrane\SoulFrame.Membrane.csproj", "{51C1850E-B9A9-43D1-A2AE-C70B478C3AD5}"
EndProject
Project("{2150E333-8FDC-42A3-9474-1A3956D46DE8}") = "AgentiCore", "AgentiCore", "{6F2FEF09-3548-49D5-A72C-B8A210B2E1B5}"
EndProject
Project("{FAE04EC0-301F-11D3-BF4B-00C04F79EFBC}") = "AgentiCore", "src\TechStack\AgentiCore\AgentiCore\AgentiCore\AgentiCore.csproj", "{0792A818-21C7-44EB-A0D8-23D2630C5F3A}"
EndProject
Project("{2150E333-8FDC-42A3-9474-1A3956D46DE8}") = "tests", "tests", "{85A1EF5E-26D1-4D95-850B-67784F5C6529}"
EndProject
Project("{2150E333-8FDC-42A3-9474-1A3956D46DE8}") = "Sanctuary", "Sanctuary", "{F57E50BB-A1F4-4C2B-A8AD-CC139E1209B0}"
EndProject
Project("{FAE04EC0-301F-11D3-BF4B-00C04F79EFBC}") = "Oan.Audit.Tests", "tests\Sanctuary\Oan.Audit.Tests\Oan.Audit.Tests\Oan.Audit.Tests.csproj", "{DB1E2D0E-94C1-4C49-B90B-19E030CD124F}"
EndProject
Project("{FAE04EC0-301F-11D3-BF4B-00C04F79EFBC}") = "Oan.Runtime.IntegrationTests", "tests\Sanctuary\Oan.Runtime.IntegrationTests\Oan.Runtime.IntegrationTests\Oan.Runtime.IntegrationTests.csproj", "{27707195-ECAA-4B86-8EA5-1866C26FE486}"
EndProject
Project("{2150E333-8FDC-42A3-9474-1A3956D46DE8}") = "CradleTek.Mantle", "CradleTek.Mantle", "{330CA209-AC67-46FE-8FC0-047301110A49}"
EndProject
Project("{FAE04EC0-301F-11D3-BF4B-00C04F79EFBC}") = "CradleTek.Mantle", "src\TechStack\CradleTek\CradleTek.Mantle\CradleTek.Mantle\CradleTek.Mantle.csproj", "{3CB75585-38EF-4719-8A7B-93998164F2A7}"
EndProject
Project("{FAE04EC0-301F-11D3-BF4B-00C04F79EFBC}") = "CradleTek.Memory", "src\TechStack\CradleTek\CradleTek.Memory\CradleTek.Memory\CradleTek.Memory.csproj", "{DD78EDE4-E849-4BC9-932C-90A631D950D2}"
EndProject
Project("{2150E333-8FDC-42A3-9474-1A3956D46DE8}") = "SLI.Lisp", "SLI.Lisp", "{80C8D796-DA1B-4B81-A1AB-AED02295C13F}"
EndProject
Project("{FAE04EC0-301F-11D3-BF4B-00C04F79EFBC}") = "SLI.Lisp", "src\Sanctuary\SLI.Lisp\SLI.Lisp\SLI.Lisp.csproj", "{AE4643EB-9FC7-4C92-8793-BB333923B358}"
EndProject
Project("{2150E333-8FDC-42A3-9474-1A3956D46DE8}") = "San.HostedLlm", "San.HostedLlm", "{75F31C43-CB2D-4741-8D6F-D63C98B0796E}"
EndProject
Project("{FAE04EC0-301F-11D3-BF4B-00C04F79EFBC}") = "San.HostedLlm", "src\Sanctuary\San.HostedLlm\San.HostedLlm\San.HostedLlm.csproj", "{74DBDCAC-E5C4-436F-8873-1D647EDE6EF4}"
EndProject
Project("{2150E333-8FDC-42A3-9474-1A3956D46DE8}") = "San.Trace.Persistence", "San.Trace.Persistence", "{0F9126ED-BE47-40D5-B786-CDB98FD28FD3}"
EndProject
Project("{FAE04EC0-301F-11D3-BF4B-00C04F79EFBC}") = "San.Trace.Persistence", "src\Sanctuary\San.Trace.Persistence\San.Trace.Persistence\San.Trace.Persistence.csproj", "{A1C77C05-D6F6-497E-B68C-96C3F0C9BA23}"
EndProject
Project("{2150E333-8FDC-42A3-9474-1A3956D46DE8}") = "San.FirstRun", "San.FirstRun", "{A2C11B61-B6A6-4253-8AD8-FBC06CB979F5}"
EndProject
Project("{FAE04EC0-301F-11D3-BF4B-00C04F79EFBC}") = "San.FirstRun", "src\Sanctuary\San.FirstRun\San.FirstRun\San.FirstRun.csproj", "{66FAC028-97EA-457C-B394-52886DB75E54}"
EndProject
Global
	GlobalSection(SolutionConfigurationPlatforms) = preSolution
		Debug|Any CPU = Debug|Any CPU
		Release|Any CPU = Release|Any CPU
	EndGlobalSection
	GlobalSection(SolutionProperties) = preSolution
		HideSolutionNode = FALSE
	EndGlobalSection
	GlobalSection(ProjectConfigurationPlatforms) = postSolution
		{7560098D-1C89-4DC5-880A-0BEFF09FF387}.Debug|Any CPU.ActiveCfg = Debug|Any CPU
		{7560098D-1C89-4DC5-880A-0BEFF09FF387}.Debug|Any CPU.Build.0 = Debug|Any CPU
		{7560098D-1C89-4DC5-880A-0BEFF09FF387}.Release|Any CPU.ActiveCfg = Release|Any CPU
		{7560098D-1C89-4DC5-880A-0BEFF09FF387}.Release|Any CPU.Build.0 = Release|Any CPU
		{0F6D4D17-6877-4A6E-8074-FA609DBCDAA5}.Debug|Any CPU.ActiveCfg = Debug|Any CPU
		{0F6D4D17-6877-4A6E-8074-FA609DBCDAA5}.Debug|Any CPU.Build.0 = Debug|Any CPU
		{0F6D4D17-6877-4A6E-8074-FA609DBCDAA5}.Release|Any CPU.ActiveCfg = Release|Any CPU
		{0F6D4D17-6877-4A6E-8074-FA609DBCDAA5}.Release|Any CPU.Build.0 = Release|Any CPU
		{509840B8-188A-4AB2-8962-4C2E056A85BA}.Debug|Any CPU.ActiveCfg = Debug|Any CPU
		{509840B8-188A-4AB2-8962-4C2E056A85BA}.Debug|Any CPU.Build.0 = Debug|Any CPU
		{509840B8-188A-4AB2-8962-4C2E056A85BA}.Release|Any CPU.ActiveCfg = Release|Any CPU
		{509840B8-188A-4AB2-8962-4C2E056A85BA}.Release|Any CPU.Build.0 = Release|Any CPU
		{69D34E04-1691-4315-B9F7-B8958B35F9B5}.Debug|Any CPU.ActiveCfg = Debug|Any CPU
		{69D34E04-1691-4315-B9F7-B8958B35F9B5}.Debug|Any CPU.Build.0 = Debug|Any CPU
		{69D34E04-1691-4315-B9F7-B8958B35F9B5}.Release|Any CPU.ActiveCfg = Release|Any CPU
		{69D34E04-1691-4315-B9F7-B8958B35F9B5}.Release|Any CPU.Build.0 = Release|Any CPU
		{444CCFD5-F301-483D-AC22-10E64D9E4181}.Debug|Any CPU.ActiveCfg = Debug|Any CPU
		{444CCFD5-F301-483D-AC22-10E64D9E4181}.Debug|Any CPU.Build.0 = Debug|Any CPU
		{444CCFD5-F301-483D-AC22-10E64D9E4181}.Release|Any CPU.ActiveCfg = Release|Any CPU
		{444CCFD5-F301-483D-AC22-10E64D9E4181}.Release|Any CPU.Build.0 = Release|Any CPU
		{E2EBC513-B37D-41CF-AC5D-D3D5CF2D80F2}.Debug|Any CPU.ActiveCfg = Debug|Any CPU
		{E2EBC513-B37D-41CF-AC5D-D3D5CF2D80F2}.Debug|Any CPU.Build.0 = Debug|Any CPU
		{E2EBC513-B37D-41CF-AC5D-D3D5CF2D80F2}.Release|Any CPU.ActiveCfg = Release|Any CPU
		{E2EBC513-B37D-41CF-AC5D-D3D5CF2D80F2}.Release|Any CPU.Build.0 = Release|Any CPU
		{71A6800E-49B0-4404-90B6-558C94B9CF31}.Debug|Any CPU.ActiveCfg = Debug|Any CPU
		{71A6800E-49B0-4404-90B6-558C94B9CF31}.Debug|Any CPU.Build.0 = Debug|Any CPU
		{71A6800E-49B0-4404-90B6-558C94B9CF31}.Release|Any CPU.ActiveCfg = Release|Any CPU
		{71A6800E-49B0-4404-90B6-558C94B9CF31}.Release|Any CPU.Build.0 = Release|Any CPU
		{5666B42F-6732-426E-A3BA-F51521FB56A4}.Debug|Any CPU.ActiveCfg = Debug|Any CPU
		{5666B42F-6732-426E-A3BA-F51521FB56A4}.Debug|Any CPU.Build.0 = Debug|Any CPU
		{5666B42F-6732-426E-A3BA-F51521FB56A4}.Release|Any CPU.ActiveCfg = Release|Any CPU
		{5666B42F-6732-426E-A3BA-F51521FB56A4}.Release|Any CPU.Build.0 = Release|Any CPU
		{B6CA2AFA-F061-4B53-865B-9EC13ABC190E}.Debug|Any CPU.ActiveCfg = Debug|Any CPU
		{B6CA2AFA-F061-4B53-865B-9EC13ABC190E}.Debug|Any CPU.Build.0 = Debug|Any CPU
		{B6CA2AFA-F061-4B53-865B-9EC13ABC190E}.Release|Any CPU.ActiveCfg = Release|Any CPU
		{B6CA2AFA-F061-4B53-865B-9EC13ABC190E}.Release|Any CPU.Build.0 = Release|Any CPU
		{C0B9F18D-CA37-4DBB-A828-8986CEE6F656}.Debug|Any CPU.ActiveCfg = Debug|Any CPU
		{C0B9F18D-CA37-4DBB-A828-8986CEE6F656}.Debug|Any CPU.Build.0 = Debug|Any CPU
		{C0B9F18D-CA37-4DBB-A828-8986CEE6F656}.Release|Any CPU.ActiveCfg = Release|Any CPU
		{C0B9F18D-CA37-4DBB-A828-8986CEE6F656}.Release|Any CPU.Build.0 = Release|Any CPU
		{C762C9BB-E0AE-4891-91F5-DD75A5942236}.Debug|Any CPU.ActiveCfg = Debug|Any CPU
		{C762C9BB-E0AE-4891-91F5-DD75A5942236}.Debug|Any CPU.Build.0 = Debug|Any CPU
		{C762C9BB-E0AE-4891-91F5-DD75A5942236}.Release|Any CPU.ActiveCfg = Release|Any CPU
		{C762C9BB-E0AE-4891-91F5-DD75A5942236}.Release|Any CPU.Build.0 = Release|Any CPU
		{51B02D8D-414A-4CDC-9C2D-405E54F71DD4}.Debug|Any CPU.ActiveCfg = Debug|Any CPU
		{51B02D8D-414A-4CDC-9C2D-405E54F71DD4}.Debug|Any CPU.Build.0 = Debug|Any CPU
		{51B02D8D-414A-4CDC-9C2D-405E54F71DD4}.Release|Any CPU.ActiveCfg = Release|Any CPU
		{51B02D8D-414A-4CDC-9C2D-405E54F71DD4}.Release|Any CPU.Build.0 = Release|Any CPU
		{641A7739-B02E-4193-A72D-0D08D9F1F897}.Debug|Any CPU.ActiveCfg = Debug|Any CPU
		{641A7739-B02E-4193-A72D-0D08D9F1F897}.Debug|Any CPU.Build.0 = Debug|Any CPU
		{641A7739-B02E-4193-A72D-0D08D9F1F897}.Release|Any CPU.ActiveCfg = Release|Any CPU
		{641A7739-B02E-4193-A72D-0D08D9F1F897}.Release|Any CPU.Build.0 = Release|Any CPU
		{51C1850E-B9A9-43D1-A2AE-C70B478C3AD5}.Debug|Any CPU.ActiveCfg = Debug|Any CPU
		{51C1850E-B9A9-43D1-A2AE-C70B478C3AD5}.Debug|Any CPU.Build.0 = Debug|Any CPU
		{51C1850E-B9A9-43D1-A2AE-C70B478C3AD5}.Release|Any CPU.ActiveCfg = Release|Any CPU
		{51C1850E-B9A9-43D1-A2AE-C70B478C3AD5}.Release|Any CPU.Build.0 = Release|Any CPU
		{0792A818-21C7-44EB-A0D8-23D2630C5F3A}.Debug|Any CPU.ActiveCfg = Debug|Any CPU
		{0792A818-21C7-44EB-A0D8-23D2630C5F3A}.Debug|Any CPU.Build.0 = Debug|Any CPU
		{0792A818-21C7-44EB-A0D8-23D2630C5F3A}.Release|Any CPU.ActiveCfg = Release|Any CPU
		{0792A818-21C7-44EB-A0D8-23D2630C5F3A}.Release|Any CPU.Build.0 = Release|Any CPU
		{DB1E2D0E-94C1-4C49-B90B-19E030CD124F}.Debug|Any CPU.ActiveCfg = Debug|Any CPU
		{DB1E2D0E-94C1-4C49-B90B-19E030CD124F}.Debug|Any CPU.Build.0 = Debug|Any CPU
		{DB1E2D0E-94C1-4C49-B90B-19E030CD124F}.Release|Any CPU.ActiveCfg = Release|Any CPU
		{DB1E2D0E-94C1-4C49-B90B-19E030CD124F}.Release|Any CPU.Build.0 = Release|Any CPU
		{27707195-ECAA-4B86-8EA5-1866C26FE486}.Debug|Any CPU.ActiveCfg = Debug|Any CPU
		{27707195-ECAA-4B86-8EA5-1866C26FE486}.Debug|Any CPU.Build.0 = Debug|Any CPU
		{27707195-ECAA-4B86-8EA5-1866C26FE486}.Release|Any CPU.ActiveCfg = Release|Any CPU
		{27707195-ECAA-4B86-8EA5-1866C26FE486}.Release|Any CPU.Build.0 = Release|Any CPU
		{3CB75585-38EF-4719-8A7B-93998164F2A7}.Debug|Any CPU.ActiveCfg = Debug|Any CPU
		{3CB75585-38EF-4719-8A7B-93998164F2A7}.Debug|Any CPU.Build.0 = Debug|Any CPU
		{3CB75585-38EF-4719-8A7B-93998164F2A7}.Release|Any CPU.ActiveCfg = Release|Any CPU
		{3CB75585-38EF-4719-8A7B-93998164F2A7}.Release|Any CPU.Build.0 = Release|Any CPU
		{DD78EDE4-E849-4BC9-932C-90A631D950D2}.Debug|Any CPU.ActiveCfg = Debug|Any CPU
		{DD78EDE4-E849-4BC9-932C-90A631D950D2}.Debug|Any CPU.Build.0 = Debug|Any CPU
		{DD78EDE4-E849-4BC9-932C-90A631D950D2}.Release|Any CPU.ActiveCfg = Release|Any CPU
		{DD78EDE4-E849-4BC9-932C-90A631D950D2}.Release|Any CPU.Build.0 = Release|Any CPU
		{AE4643EB-9FC7-4C92-8793-BB333923B358}.Debug|Any CPU.ActiveCfg = Debug|Any CPU
		{AE4643EB-9FC7-4C92-8793-BB333923B358}.Debug|Any CPU.Build.0 = Debug|Any CPU
		{AE4643EB-9FC7-4C92-8793-BB333923B358}.Release|Any CPU.ActiveCfg = Release|Any CPU
		{AE4643EB-9FC7-4C92-8793-BB333923B358}.Release|Any CPU.Build.0 = Release|Any CPU
		{74DBDCAC-E5C4-436F-8873-1D647EDE6EF4}.Debug|Any CPU.ActiveCfg = Debug|Any CPU
		{74DBDCAC-E5C4-436F-8873-1D647EDE6EF4}.Debug|Any CPU.Build.0 = Debug|Any CPU
		{74DBDCAC-E5C4-436F-8873-1D647EDE6EF4}.Release|Any CPU.ActiveCfg = Release|Any CPU
		{74DBDCAC-E5C4-436F-8873-1D647EDE6EF4}.Release|Any CPU.Build.0 = Release|Any CPU
		{A1C77C05-D6F6-497E-B68C-96C3F0C9BA23}.Debug|Any CPU.ActiveCfg = Debug|Any CPU
		{A1C77C05-D6F6-497E-B68C-96C3F0C9BA23}.Debug|Any CPU.Build.0 = Debug|Any CPU
		{A1C77C05-D6F6-497E-B68C-96C3F0C9BA23}.Release|Any CPU.ActiveCfg = Release|Any CPU
		{A1C77C05-D6F6-497E-B68C-96C3F0C9BA23}.Release|Any CPU.Build.0 = Release|Any CPU
		{66FAC028-97EA-457C-B394-52886DB75E54}.Debug|Any CPU.ActiveCfg = Debug|Any CPU
		{66FAC028-97EA-457C-B394-52886DB75E54}.Debug|Any CPU.Build.0 = Debug|Any CPU
		{66FAC028-97EA-457C-B394-52886DB75E54}.Release|Any CPU.ActiveCfg = Release|Any CPU
		{66FAC028-97EA-457C-B394-52886DB75E54}.Release|Any CPU.Build.0 = Release|Any CPU
	EndGlobalSection
	GlobalSection(NestedProjects) = preSolution
		{87A0BA2C-E91B-412F-8A1C-AE0B88124EA3} = {690CBEA5-AB5E-407E-9D34-8453B2C10D8B}
		{7560098D-1C89-4DC5-880A-0BEFF09FF387} = {87A0BA2C-E91B-412F-8A1C-AE0B88124EA3}
		{0F6D4D17-6877-4A6E-8074-FA609DBCDAA5} = {87A0BA2C-E91B-412F-8A1C-AE0B88124EA3}
		{509840B8-188A-4AB2-8962-4C2E056A85BA} = {87A0BA2C-E91B-412F-8A1C-AE0B88124EA3}
		{69D34E04-1691-4315-B9F7-B8958B35F9B5} = {87A0BA2C-E91B-412F-8A1C-AE0B88124EA3}
		{444CCFD5-F301-483D-AC22-10E64D9E4181} = {87A0BA2C-E91B-412F-8A1C-AE0B88124EA3}
		{E2EBC513-B37D-41CF-AC5D-D3D5CF2D80F2} = {87A0BA2C-E91B-412F-8A1C-AE0B88124EA3}
		{B4096FE5-F4E9-487A-B9A2-06F6DCE219DF} = {87A0BA2C-E91B-412F-8A1C-AE0B88124EA3}
		{71A6800E-49B0-4404-90B6-558C94B9CF31} = {B4096FE5-F4E9-487A-B9A2-06F6DCE219DF}
		{5666B42F-6732-426E-A3BA-F51521FB56A4} = {B4096FE5-F4E9-487A-B9A2-06F6DCE219DF}
		{A114DD52-537E-4A47-BD78-29BB640B2E7A} = {690CBEA5-AB5E-407E-9D34-8453B2C10D8B}
		{C62A2DBE-5D0D-42E8-963A-5F39FFD1FCC9} = {A114DD52-537E-4A47-BD78-29BB640B2E7A}
		{B6CA2AFA-F061-4B53-865B-9EC13ABC190E} = {C62A2DBE-5D0D-42E8-963A-5F39FFD1FCC9}
		{A4B00670-699D-4419-9914-8AD22D2CCCAF} = {A114DD52-537E-4A47-BD78-29BB640B2E7A}
		{C0B9F18D-CA37-4DBB-A828-8986CEE6F656} = {A4B00670-699D-4419-9914-8AD22D2CCCAF}
		{C762C9BB-E0AE-4891-91F5-DD75A5942236} = {A4B00670-699D-4419-9914-8AD22D2CCCAF}
		{51B02D8D-414A-4CDC-9C2D-405E54F71DD4} = {A4B00670-699D-4419-9914-8AD22D2CCCAF}
		{307DD6A4-FA00-40BC-BE6A-ACDE7C76BBF6} = {A114DD52-537E-4A47-BD78-29BB640B2E7A}
		{641A7739-B02E-4193-A72D-0D08D9F1F897} = {307DD6A4-FA00-40BC-BE6A-ACDE7C76BBF6}
		{51C1850E-B9A9-43D1-A2AE-C70B478C3AD5} = {307DD6A4-FA00-40BC-BE6A-ACDE7C76BBF6}
		{6F2FEF09-3548-49D5-A72C-B8A210B2E1B5} = {A114DD52-537E-4A47-BD78-29BB640B2E7A}
		{0792A818-21C7-44EB-A0D8-23D2630C5F3A} = {6F2FEF09-3548-49D5-A72C-B8A210B2E1B5}
		{F57E50BB-A1F4-4C2B-A8AD-CC139E1209B0} = {85A1EF5E-26D1-4D95-850B-67784F5C6529}
		{DB1E2D0E-94C1-4C49-B90B-19E030CD124F} = {F57E50BB-A1F4-4C2B-A8AD-CC139E1209B0}
		{27707195-ECAA-4B86-8EA5-1866C26FE486} = {F57E50BB-A1F4-4C2B-A8AD-CC139E1209B0}
		{330CA209-AC67-46FE-8FC0-047301110A49} = {A4B00670-699D-4419-9914-8AD22D2CCCAF}
		{3CB75585-38EF-4719-8A7B-93998164F2A7} = {330CA209-AC67-46FE-8FC0-047301110A49}
		{DD78EDE4-E849-4BC9-932C-90A631D950D2} = {A4B00670-699D-4419-9914-8AD22D2CCCAF}
		{80C8D796-DA1B-4B81-A1AB-AED02295C13F} = {87A0BA2C-E91B-412F-8A1C-AE0B88124EA3}
		{AE4643EB-9FC7-4C92-8793-BB333923B358} = {80C8D796-DA1B-4B81-A1AB-AED02295C13F}
		{75F31C43-CB2D-4741-8D6F-D63C98B0796E} = {87A0BA2C-E91B-412F-8A1C-AE0B88124EA3}
		{74DBDCAC-E5C4-436F-8873-1D647EDE6EF4} = {75F31C43-CB2D-4741-8D6F-D63C98B0796E}
		{0F9126ED-BE47-40D5-B786-CDB98FD28FD3} = {87A0BA2C-E91B-412F-8A1C-AE0B88124EA3}
		{A1C77C05-D6F6-497E-B68C-96C3F0C9BA23} = {0F9126ED-BE47-40D5-B786-CDB98FD28FD3}
		{A2C11B61-B6A6-4253-8AD8-FBC06CB979F5} = {87A0BA2C-E91B-412F-8A1C-AE0B88124EA3}
		{66FAC028-97EA-457C-B394-52886DB75E54} = {A2C11B61-B6A6-4253-8AD8-FBC06CB979F5}
	EndGlobalSection
EndGlobal
